// !$*UTF8*$!
{
	archiveVersion = 1;
	classes = {
	};
	objectVersion = 50;
	objects = {

/* Begin PBXBuildFile section */
		2358D6B6263ACDC700B2FF5C /* RepositryCell.swift in Sources */ = {isa = PBXBuildFile; fileRef = 2358D6B4263ACDC700B2FF5C /* RepositryCell.swift */; };
		2358D6B7263ACDC700B2FF5C /* RepositryCell.xib in Resources */ = {isa = PBXBuildFile; fileRef = 2358D6B5263ACDC700B2FF5C /* RepositryCell.xib */; };
		2358D6E5263ACF1900B2FF5C /* UITableView+Extensions.swift in Sources */ = {isa = PBXBuildFile; fileRef = 2358D6E4263ACF1900B2FF5C /* UITableView+Extensions.swift */; };
		2358D6ED263ACFB300B2FF5C /* HomeVC+TableView.swift in Sources */ = {isa = PBXBuildFile; fileRef = 2358D6EC263ACFB300B2FF5C /* HomeVC+TableView.swift */; };
		2358D6F6263AD03600B2FF5C /* HomeViewModel.swift in Sources */ = {isa = PBXBuildFile; fileRef = 2358D6F5263AD03600B2FF5C /* HomeViewModel.swift */; };
		2358D6FE263AD92E00B2FF5C /* UIImageView+Cashing.swift in Sources */ = {isa = PBXBuildFile; fileRef = 2358D6FD263AD92E00B2FF5C /* UIImageView+Cashing.swift */; };
		2358D703263ADAA900B2FF5C /* UIView.swift in Sources */ = {isa = PBXBuildFile; fileRef = 2358D702263ADAA900B2FF5C /* UIView.swift */; };
		23ED72F726397E1E00146DFC /* AppDelegate.swift in Sources */ = {isa = PBXBuildFile; fileRef = 23ED72F626397E1E00146DFC /* AppDelegate.swift */; };
		23ED72FB26397E1E00146DFC /* HomeViewController.swift in Sources */ = {isa = PBXBuildFile; fileRef = 23ED72FA26397E1E00146DFC /* HomeViewController.swift */; };
		23ED72FE26397E1E00146DFC /* HomeViewController.storyboard in Resources */ = {isa = PBXBuildFile; fileRef = 23ED72FC26397E1E00146DFC /* HomeViewController.storyboard */; };
		23ED730326397E1F00146DFC /* Assets.xcassets in Resources */ = {isa = PBXBuildFile; fileRef = 23ED730226397E1F00146DFC /* Assets.xcassets */; };
		23ED730626397E1F00146DFC /* LaunchScreen.storyboard in Resources */ = {isa = PBXBuildFile; fileRef = 23ED730426397E1F00146DFC /* LaunchScreen.storyboard */; };
		23ED731126397E1F00146DFC /* GitHubRepoTests.swift in Sources */ = {isa = PBXBuildFile; fileRef = 23ED731026397E1F00146DFC /* GitHubRepoTests.swift */; };
		23ED731C26397E1F00146DFC /* GitHubRepoUITests.swift in Sources */ = {isa = PBXBuildFile; fileRef = 23ED731B26397E1F00146DFC /* GitHubRepoUITests.swift */; };
		23ED7347263988AA00146DFC /* Request.swift in Sources */ = {isa = PBXBuildFile; fileRef = 23ED7346263988AA00146DFC /* Request.swift */; };
		23ED7351263989B600146DFC /* RequestTest.swift in Sources */ = {isa = PBXBuildFile; fileRef = 23ED7350263989B600146DFC /* RequestTest.swift */; };
		23ED736C26398B1500146DFC /* RequestProtocols.swift in Sources */ = {isa = PBXBuildFile; fileRef = 23ED734B263988FA00146DFC /* RequestProtocols.swift */; };
		23ED7447263A113900146DFC /* MockURLSession.swift in Sources */ = {isa = PBXBuildFile; fileRef = 23ED7446263A113900146DFC /* MockURLSession.swift */; };
		23ED7452263A118900146DFC /* CoreDataManager.swift in Sources */ = {isa = PBXBuildFile; fileRef = 23ED7451263A118900146DFC /* CoreDataManager.swift */; };
		23ED7485263A14FC00146DFC /* GitHubRepo.xcdatamodeld in Sources */ = {isa = PBXBuildFile; fileRef = 23ED7483263A14FC00146DFC /* GitHubRepo.xcdatamodeld */; };
		23ED7493263A163300146DFC /* RepositoryModel.swift in Sources */ = {isa = PBXBuildFile; fileRef = 23ED7492263A163300146DFC /* RepositoryModel.swift */; };
		23ED74A9263A16E700146DFC /* Networking.swift in Sources */ = {isa = PBXBuildFile; fileRef = 23ED74A8263A16E700146DFC /* Networking.swift */; };
		23ED74AF263A170800146DFC /* URLS.swift in Sources */ = {isa = PBXBuildFile; fileRef = 23ED74AE263A170800146DFC /* URLS.swift */; };
		23ED74B6263A189A00146DFC /* NetworkingTest.swift in Sources */ = {isa = PBXBuildFile; fileRef = 23ED74B5263A189A00146DFC /* NetworkingTest.swift */; };
		23ED74C2263A1C3100146DFC /* Repository+CoreDataClass.swift in Sources */ = {isa = PBXBuildFile; fileRef = 23ED74C0263A1C3100146DFC /* Repository+CoreDataClass.swift */; };
		23ED74C3263A1C3100146DFC /* Repository+CoreDataProperties.swift in Sources */ = {isa = PBXBuildFile; fileRef = 23ED74C1263A1C3100146DFC /* Repository+CoreDataProperties.swift */; };
		23ED74DD263A2F3B00146DFC /* CoreDataConfiguration.swift in Sources */ = {isa = PBXBuildFile; fileRef = 23ED74DC263A2F3B00146DFC /* CoreDataConfiguration.swift */; };
		23ED74F0263A3CE500146DFC /* CoreDataConfigurationTest.swift in Sources */ = {isa = PBXBuildFile; fileRef = 23ED74EF263A3CE500146DFC /* CoreDataConfigurationTest.swift */; };
		23ED74FB263A3D6F00146DFC /* CoreDataManagerTest.swift in Sources */ = {isa = PBXBuildFile; fileRef = 23ED74FA263A3D6F00146DFC /* CoreDataManagerTest.swift */; };
/* End PBXBuildFile section */

/* Begin PBXContainerItemProxy section */
		23ED730D26397E1F00146DFC /* PBXContainerItemProxy */ = {
			isa = PBXContainerItemProxy;
			containerPortal = 23ED72EB26397E1E00146DFC /* Project object */;
			proxyType = 1;
			remoteGlobalIDString = 23ED72F226397E1E00146DFC;
			remoteInfo = GitHubRepo;
		};
		23ED731826397E1F00146DFC /* PBXContainerItemProxy */ = {
			isa = PBXContainerItemProxy;
			containerPortal = 23ED72EB26397E1E00146DFC /* Project object */;
			proxyType = 1;
			remoteGlobalIDString = 23ED72F226397E1E00146DFC;
			remoteInfo = GitHubRepo;
		};
/* End PBXContainerItemProxy section */

/* Begin PBXFileReference section */
		2358D6B4263ACDC700B2FF5C /* RepositryCell.swift */ = {isa = PBXFileReference; lastKnownFileType = sourcecode.swift; path = RepositryCell.swift; sourceTree = "<group>"; };
		2358D6B5263ACDC700B2FF5C /* RepositryCell.xib */ = {isa = PBXFileReference; lastKnownFileType = file.xib; path = RepositryCell.xib; sourceTree = "<group>"; };
		2358D6E4263ACF1900B2FF5C /* UITableView+Extensions.swift */ = {isa = PBXFileReference; lastKnownFileType = sourcecode.swift; path = "UITableView+Extensions.swift"; sourceTree = "<group>"; };
		2358D6EC263ACFB300B2FF5C /* HomeVC+TableView.swift */ = {isa = PBXFileReference; lastKnownFileType = sourcecode.swift; path = "HomeVC+TableView.swift"; sourceTree = "<group>"; };
		2358D6F5263AD03600B2FF5C /* HomeViewModel.swift */ = {isa = PBXFileReference; lastKnownFileType = sourcecode.swift; path = HomeViewModel.swift; sourceTree = "<group>"; };
		2358D6FD263AD92E00B2FF5C /* UIImageView+Cashing.swift */ = {isa = PBXFileReference; lastKnownFileType = sourcecode.swift; path = "UIImageView+Cashing.swift"; sourceTree = "<group>"; };
		2358D702263ADAA900B2FF5C /* UIView.swift */ = {isa = PBXFileReference; lastKnownFileType = sourcecode.swift; path = UIView.swift; sourceTree = "<group>"; };
		23ED72F326397E1E00146DFC /* GitHubRepo.app */ = {isa = PBXFileReference; explicitFileType = wrapper.application; includeInIndex = 0; path = GitHubRepo.app; sourceTree = BUILT_PRODUCTS_DIR; };
		23ED72F626397E1E00146DFC /* AppDelegate.swift */ = {isa = PBXFileReference; lastKnownFileType = sourcecode.swift; path = AppDelegate.swift; sourceTree = "<group>"; };
		23ED72FA26397E1E00146DFC /* HomeViewController.swift */ = {isa = PBXFileReference; lastKnownFileType = sourcecode.swift; path = HomeViewController.swift; sourceTree = "<group>"; };
		23ED72FD26397E1E00146DFC /* Base */ = {isa = PBXFileReference; lastKnownFileType = file.storyboard; name = Base; path = Base.lproj/HomeViewController.storyboard; sourceTree = "<group>"; };
		23ED730226397E1F00146DFC /* Assets.xcassets */ = {isa = PBXFileReference; lastKnownFileType = folder.assetcatalog; path = Assets.xcassets; sourceTree = "<group>"; };
		23ED730526397E1F00146DFC /* Base */ = {isa = PBXFileReference; lastKnownFileType = file.storyboard; name = Base; path = Base.lproj/LaunchScreen.storyboard; sourceTree = "<group>"; };
		23ED730726397E1F00146DFC /* Info.plist */ = {isa = PBXFileReference; lastKnownFileType = text.plist.xml; path = Info.plist; sourceTree = "<group>"; };
		23ED730C26397E1F00146DFC /* GitHubRepoTests.xctest */ = {isa = PBXFileReference; explicitFileType = wrapper.cfbundle; includeInIndex = 0; path = GitHubRepoTests.xctest; sourceTree = BUILT_PRODUCTS_DIR; };
		23ED731026397E1F00146DFC /* GitHubRepoTests.swift */ = {isa = PBXFileReference; lastKnownFileType = sourcecode.swift; path = GitHubRepoTests.swift; sourceTree = "<group>"; };
		23ED731226397E1F00146DFC /* Info.plist */ = {isa = PBXFileReference; lastKnownFileType = text.plist.xml; path = Info.plist; sourceTree = "<group>"; };
		23ED731726397E1F00146DFC /* GitHubRepoUITests.xctest */ = {isa = PBXFileReference; explicitFileType = wrapper.cfbundle; includeInIndex = 0; path = GitHubRepoUITests.xctest; sourceTree = BUILT_PRODUCTS_DIR; };
		23ED731B26397E1F00146DFC /* GitHubRepoUITests.swift */ = {isa = PBXFileReference; lastKnownFileType = sourcecode.swift; path = GitHubRepoUITests.swift; sourceTree = "<group>"; };
		23ED731D26397E1F00146DFC /* Info.plist */ = {isa = PBXFileReference; lastKnownFileType = text.plist.xml; path = Info.plist; sourceTree = "<group>"; };
		23ED7346263988AA00146DFC /* Request.swift */ = {isa = PBXFileReference; lastKnownFileType = sourcecode.swift; path = Request.swift; sourceTree = "<group>"; };
		23ED734B263988FA00146DFC /* RequestProtocols.swift */ = {isa = PBXFileReference; lastKnownFileType = sourcecode.swift; path = RequestProtocols.swift; sourceTree = "<group>"; };
		23ED7350263989B600146DFC /* RequestTest.swift */ = {isa = PBXFileReference; lastKnownFileType = sourcecode.swift; path = RequestTest.swift; sourceTree = "<group>"; };
		23ED7446263A113900146DFC /* MockURLSession.swift */ = {isa = PBXFileReference; lastKnownFileType = sourcecode.swift; path = MockURLSession.swift; sourceTree = "<group>"; };
		23ED7451263A118900146DFC /* CoreDataManager.swift */ = {isa = PBXFileReference; fileEncoding = 4; lastKnownFileType = sourcecode.swift; path = CoreDataManager.swift; sourceTree = "<group>"; };
		23ED7484263A14FC00146DFC /* GitHubRepo.xcdatamodel */ = {isa = PBXFileReference; lastKnownFileType = wrapper.xcdatamodel; path = GitHubRepo.xcdatamodel; sourceTree = "<group>"; };
		23ED7492263A163300146DFC /* RepositoryModel.swift */ = {isa = PBXFileReference; fileEncoding = 4; lastKnownFileType = sourcecode.swift; path = RepositoryModel.swift; sourceTree = "<group>"; };
		23ED74A8263A16E700146DFC /* Networking.swift */ = {isa = PBXFileReference; fileEncoding = 4; lastKnownFileType = sourcecode.swift; path = Networking.swift; sourceTree = "<group>"; };
		23ED74AE263A170800146DFC /* URLS.swift */ = {isa = PBXFileReference; fileEncoding = 4; lastKnownFileType = sourcecode.swift; path = URLS.swift; sourceTree = "<group>"; };
		23ED74B5263A189A00146DFC /* NetworkingTest.swift */ = {isa = PBXFileReference; lastKnownFileType = sourcecode.swift; path = NetworkingTest.swift; sourceTree = "<group>"; };
		23ED74C0263A1C3100146DFC /* Repository+CoreDataClass.swift */ = {isa = PBXFileReference; lastKnownFileType = sourcecode.swift; path = "Repository+CoreDataClass.swift"; sourceTree = "<group>"; };
		23ED74C1263A1C3100146DFC /* Repository+CoreDataProperties.swift */ = {isa = PBXFileReference; lastKnownFileType = sourcecode.swift; path = "Repository+CoreDataProperties.swift"; sourceTree = "<group>"; };
		23ED74DC263A2F3B00146DFC /* CoreDataConfiguration.swift */ = {isa = PBXFileReference; lastKnownFileType = sourcecode.swift; path = CoreDataConfiguration.swift; sourceTree = "<group>"; };
		23ED74EF263A3CE500146DFC /* CoreDataConfigurationTest.swift */ = {isa = PBXFileReference; lastKnownFileType = sourcecode.swift; path = CoreDataConfigurationTest.swift; sourceTree = "<group>"; };
		23ED74FA263A3D6F00146DFC /* CoreDataManagerTest.swift */ = {isa = PBXFileReference; fileEncoding = 4; lastKnownFileType = sourcecode.swift; path = CoreDataManagerTest.swift; sourceTree = "<group>"; };
/* End PBXFileReference section */

/* Begin PBXFrameworksBuildPhase section */
		23ED72F026397E1E00146DFC /* Frameworks */ = {
			isa = PBXFrameworksBuildPhase;
			buildActionMask = 2147483647;
			files = (
			);
			runOnlyForDeploymentPostprocessing = 0;
		};
		23ED730926397E1F00146DFC /* Frameworks */ = {
			isa = PBXFrameworksBuildPhase;
			buildActionMask = 2147483647;
			files = (
			);
			runOnlyForDeploymentPostprocessing = 0;
		};
		23ED731426397E1F00146DFC /* Frameworks */ = {
			isa = PBXFrameworksBuildPhase;
			buildActionMask = 2147483647;
			files = (
			);
			runOnlyForDeploymentPostprocessing = 0;
		};
/* End PBXFrameworksBuildPhase section */

/* Begin PBXGroup section */
		2358D6B3263ACDB000B2FF5C /* Cell */ = {
			isa = PBXGroup;
			children = (
				2358D6B4263ACDC700B2FF5C /* RepositryCell.swift */,
				2358D6B5263ACDC700B2FF5C /* RepositryCell.xib */,
			);
			path = Cell;
			sourceTree = "<group>";
		};
		2358D6BE263ACEE900B2FF5C /* Extensions */ = {
			isa = PBXGroup;
			children = (
				2358D6E4263ACF1900B2FF5C /* UITableView+Extensions.swift */,
				2358D6FD263AD92E00B2FF5C /* UIImageView+Cashing.swift */,
				2358D702263ADAA900B2FF5C /* UIView.swift */,
			);
			path = Extensions;
			sourceTree = "<group>";
		};
		2358D6F4263AD02600B2FF5C /* View Model */ = {
			isa = PBXGroup;
			children = (
				2358D6F5263AD03600B2FF5C /* HomeViewModel.swift */,
			);
			path = "View Model";
			sourceTree = "<group>";
		};
		23ED72EA26397E1E00146DFC = {
			isa = PBXGroup;
			children = (
				23ED72F526397E1E00146DFC /* GitHubRepo */,
				23ED730F26397E1F00146DFC /* GitHubRepoTests */,
				23ED731A26397E1F00146DFC /* GitHubRepoUITests */,
				23ED72F426397E1E00146DFC /* Products */,
			);
			sourceTree = "<group>";
		};
		23ED72F426397E1E00146DFC /* Products */ = {
			isa = PBXGroup;
			children = (
				23ED72F326397E1E00146DFC /* GitHubRepo.app */,
				23ED730C26397E1F00146DFC /* GitHubRepoTests.xctest */,
				23ED731726397E1F00146DFC /* GitHubRepoUITests.xctest */,
			);
			name = Products;
			sourceTree = "<group>";
		};
		23ED72F526397E1E00146DFC /* GitHubRepo */ = {
			isa = PBXGroup;
			children = (
				23ED73442639887D00146DFC /* Helper */,
				23ED737C26398E4D00146DFC /* Core Data */,
				23ED7497263A16B700146DFC /* Networking */,
				23ED7336263987AE00146DFC /* Controllers */,
				23ED7337263987B800146DFC /* Resources */,
			);
			path = GitHubRepo;
			sourceTree = "<group>";
		};
		23ED730F26397E1F00146DFC /* GitHubRepoTests */ = {
			isa = PBXGroup;
			children = (
				23ED7445263A112900146DFC /* Mockups */,
				23ED731026397E1F00146DFC /* GitHubRepoTests.swift */,
				23ED7350263989B600146DFC /* RequestTest.swift */,
				23ED74B5263A189A00146DFC /* NetworkingTest.swift */,
				23ED74FA263A3D6F00146DFC /* CoreDataManagerTest.swift */,
				23ED731226397E1F00146DFC /* Info.plist */,
			);
			path = GitHubRepoTests;
			sourceTree = "<group>";
		};
		23ED731A26397E1F00146DFC /* GitHubRepoUITests */ = {
			isa = PBXGroup;
			children = (
				23ED731B26397E1F00146DFC /* GitHubRepoUITests.swift */,
				23ED731D26397E1F00146DFC /* Info.plist */,
			);
			path = GitHubRepoUITests;
			sourceTree = "<group>";
		};
		23ED7336263987AE00146DFC /* Controllers */ = {
			isa = PBXGroup;
			children = (
				2358D6F4263AD02600B2FF5C /* View Model */,
				23ED748C263A160F00146DFC /* Model */,
				23ED733C2639883800146DFC /* Home */,
			);
			path = Controllers;
			sourceTree = "<group>";
		};
		23ED7337263987B800146DFC /* Resources */ = {
			isa = PBXGroup;
			children = (
				23ED72F626397E1E00146DFC /* AppDelegate.swift */,
				23ED730226397E1F00146DFC /* Assets.xcassets */,
				23ED730426397E1F00146DFC /* LaunchScreen.storyboard */,
				23ED730726397E1F00146DFC /* Info.plist */,
			);
			path = Resources;
			sourceTree = "<group>";
		};
		23ED733C2639883800146DFC /* Home */ = {
			isa = PBXGroup;
			children = (
				23ED733D2639883F00146DFC /* View */,
			);
			path = Home;
			sourceTree = "<group>";
		};
		23ED733D2639883F00146DFC /* View */ = {
			isa = PBXGroup;
			children = (
				2358D6B3263ACDB000B2FF5C /* Cell */,
				23ED72FC26397E1E00146DFC /* HomeViewController.storyboard */,
				23ED72FA26397E1E00146DFC /* HomeViewController.swift */,
				2358D6EC263ACFB300B2FF5C /* HomeVC+TableView.swift */,
			);
			path = View;
			sourceTree = "<group>";
		};
		23ED73442639887D00146DFC /* Helper */ = {
			isa = PBXGroup;
			children = (
				2358D6BE263ACEE900B2FF5C /* Extensions */,
				23ED74AD263A170800146DFC /* Constant */,
				23ED73452639888700146DFC /* Request */,
			);
			path = Helper;
			sourceTree = "<group>";
		};
		23ED73452639888700146DFC /* Request */ = {
			isa = PBXGroup;
			children = (
				23ED7346263988AA00146DFC /* Request.swift */,
				23ED734B263988FA00146DFC /* RequestProtocols.swift */,
			);
			path = Request;
			sourceTree = "<group>";
		};
		23ED737C26398E4D00146DFC /* Core Data */ = {
			isa = PBXGroup;
			children = (
				23ED7456263A119700146DFC /* Data */,
				23ED7451263A118900146DFC /* CoreDataManager.swift */,
				23ED74DC263A2F3B00146DFC /* CoreDataConfiguration.swift */,
				23ED7483263A14FC00146DFC /* GitHubRepo.xcdatamodeld */,
			);
			path = "Core Data";
			sourceTree = "<group>";
		};
		23ED7445263A112900146DFC /* Mockups */ = {
			isa = PBXGroup;
			children = (
				23ED74EF263A3CE500146DFC /* CoreDataConfigurationTest.swift */,
				23ED7446263A113900146DFC /* MockURLSession.swift */,
			);
			path = Mockups;
			sourceTree = "<group>";
		};
		23ED7456263A119700146DFC /* Data */ = {
			isa = PBXGroup;
			children = (
				23ED74C0263A1C3100146DFC /* Repository+CoreDataClass.swift */,
				23ED74C1263A1C3100146DFC /* Repository+CoreDataProperties.swift */,
			);
			path = Data;
			sourceTree = "<group>";
		};
		23ED748C263A160F00146DFC /* Model */ = {
			isa = PBXGroup;
			children = (
				23ED7492263A163300146DFC /* RepositoryModel.swift */,
			);
			path = Model;
			sourceTree = "<group>";
		};
		23ED7497263A16B700146DFC /* Networking */ = {
			isa = PBXGroup;
			children = (
				23ED74A8263A16E700146DFC /* Networking.swift */,
			);
			path = Networking;
			sourceTree = "<group>";
		};
		23ED74AD263A170800146DFC /* Constant */ = {
			isa = PBXGroup;
			children = (
				23ED74AE263A170800146DFC /* URLS.swift */,
			);
			path = Constant;
			sourceTree = "<group>";
		};
/* End PBXGroup section */

/* Begin PBXNativeTarget section */
		23ED72F226397E1E00146DFC /* GitHubRepo */ = {
			isa = PBXNativeTarget;
			buildConfigurationList = 23ED732026397E1F00146DFC /* Build configuration list for PBXNativeTarget "GitHubRepo" */;
			buildPhases = (
				23ED72EF26397E1E00146DFC /* Sources */,
				23ED72F026397E1E00146DFC /* Frameworks */,
				23ED72F126397E1E00146DFC /* Resources */,
			);
			buildRules = (
			);
			dependencies = (
			);
			name = GitHubRepo;
			productName = GitHubRepo;
			productReference = 23ED72F326397E1E00146DFC /* GitHubRepo.app */;
			productType = "com.apple.product-type.application";
		};
		23ED730B26397E1F00146DFC /* GitHubRepoTests */ = {
			isa = PBXNativeTarget;
			buildConfigurationList = 23ED732326397E1F00146DFC /* Build configuration list for PBXNativeTarget "GitHubRepoTests" */;
			buildPhases = (
				23ED730826397E1F00146DFC /* Sources */,
				23ED730926397E1F00146DFC /* Frameworks */,
				23ED730A26397E1F00146DFC /* Resources */,
			);
			buildRules = (
			);
			dependencies = (
				23ED730E26397E1F00146DFC /* PBXTargetDependency */,
			);
			name = GitHubRepoTests;
			productName = GitHubRepoTests;
			productReference = 23ED730C26397E1F00146DFC /* GitHubRepoTests.xctest */;
			productType = "com.apple.product-type.bundle.unit-test";
		};
		23ED731626397E1F00146DFC /* GitHubRepoUITests */ = {
			isa = PBXNativeTarget;
			buildConfigurationList = 23ED732626397E1F00146DFC /* Build configuration list for PBXNativeTarget "GitHubRepoUITests" */;
			buildPhases = (
				23ED731326397E1F00146DFC /* Sources */,
				23ED731426397E1F00146DFC /* Frameworks */,
				23ED731526397E1F00146DFC /* Resources */,
			);
			buildRules = (
			);
			dependencies = (
				23ED731926397E1F00146DFC /* PBXTargetDependency */,
			);
			name = GitHubRepoUITests;
			productName = GitHubRepoUITests;
			productReference = 23ED731726397E1F00146DFC /* GitHubRepoUITests.xctest */;
			productType = "com.apple.product-type.bundle.ui-testing";
		};
/* End PBXNativeTarget section */

/* Begin PBXProject section */
		23ED72EB26397E1E00146DFC /* Project object */ = {
			isa = PBXProject;
			attributes = {
				LastSwiftUpdateCheck = 1230;
				LastUpgradeCheck = 1230;
				TargetAttributes = {
					23ED72F226397E1E00146DFC = {
						CreatedOnToolsVersion = 12.3;
					};
					23ED730B26397E1F00146DFC = {
						CreatedOnToolsVersion = 12.3;
						TestTargetID = 23ED72F226397E1E00146DFC;
					};
					23ED731626397E1F00146DFC = {
						CreatedOnToolsVersion = 12.3;
						TestTargetID = 23ED72F226397E1E00146DFC;
					};
				};
			};
			buildConfigurationList = 23ED72EE26397E1E00146DFC /* Build configuration list for PBXProject "GitHubRepo" */;
			compatibilityVersion = "Xcode 9.3";
			developmentRegion = en;
			hasScannedForEncodings = 0;
			knownRegions = (
				en,
				Base,
			);
			mainGroup = 23ED72EA26397E1E00146DFC;
			productRefGroup = 23ED72F426397E1E00146DFC /* Products */;
			projectDirPath = "";
			projectRoot = "";
			targets = (
				23ED72F226397E1E00146DFC /* GitHubRepo */,
				23ED730B26397E1F00146DFC /* GitHubRepoTests */,
				23ED731626397E1F00146DFC /* GitHubRepoUITests */,
			);
		};
/* End PBXProject section */

/* Begin PBXResourcesBuildPhase section */
		23ED72F126397E1E00146DFC /* Resources */ = {
			isa = PBXResourcesBuildPhase;
			buildActionMask = 2147483647;
			files = (
				23ED730626397E1F00146DFC /* LaunchScreen.storyboard in Resources */,
				23ED730326397E1F00146DFC /* Assets.xcassets in Resources */,
				23ED72FE26397E1E00146DFC /* HomeViewController.storyboard in Resources */,
				2358D6B7263ACDC700B2FF5C /* RepositryCell.xib in Resources */,
			);
			runOnlyForDeploymentPostprocessing = 0;
		};
		23ED730A26397E1F00146DFC /* Resources */ = {
			isa = PBXResourcesBuildPhase;
			buildActionMask = 2147483647;
			files = (
			);
			runOnlyForDeploymentPostprocessing = 0;
		};
		23ED731526397E1F00146DFC /* Resources */ = {
			isa = PBXResourcesBuildPhase;
			buildActionMask = 2147483647;
			files = (
			);
			runOnlyForDeploymentPostprocessing = 0;
		};
/* End PBXResourcesBuildPhase section */

/* Begin PBXSourcesBuildPhase section */
		23ED72EF26397E1E00146DFC /* Sources */ = {
			isa = PBXSourcesBuildPhase;
			buildActionMask = 2147483647;
			files = (
				23ED7452263A118900146DFC /* CoreDataManager.swift in Sources */,
				2358D6FE263AD92E00B2FF5C /* UIImageView+Cashing.swift in Sources */,
				2358D6E5263ACF1900B2FF5C /* UITableView+Extensions.swift in Sources */,
				23ED74C3263A1C3100146DFC /* Repository+CoreDataProperties.swift in Sources */,
				2358D6F6263AD03600B2FF5C /* HomeViewModel.swift in Sources */,
				23ED74A9263A16E700146DFC /* Networking.swift in Sources */,
				2358D6B6263ACDC700B2FF5C /* RepositryCell.swift in Sources */,
				23ED736C26398B1500146DFC /* RequestProtocols.swift in Sources */,
				23ED74C2263A1C3100146DFC /* Repository+CoreDataClass.swift in Sources */,
				23ED74AF263A170800146DFC /* URLS.swift in Sources */,
				23ED7493263A163300146DFC /* RepositoryModel.swift in Sources */,
				23ED7347263988AA00146DFC /* Request.swift in Sources */,
				23ED74DD263A2F3B00146DFC /* CoreDataConfiguration.swift in Sources */,
				2358D6ED263ACFB300B2FF5C /* HomeVC+TableView.swift in Sources */,
				23ED7485263A14FC00146DFC /* GitHubRepo.xcdatamodeld in Sources */,
				23ED72FB26397E1E00146DFC /* HomeViewController.swift in Sources */,
				2358D703263ADAA900B2FF5C /* UIView.swift in Sources */,
				23ED72F726397E1E00146DFC /* AppDelegate.swift in Sources */,
			);
			runOnlyForDeploymentPostprocessing = 0;
		};
		23ED730826397E1F00146DFC /* Sources */ = {
			isa = PBXSourcesBuildPhase;
			buildActionMask = 2147483647;
			files = (
				23ED74FB263A3D6F00146DFC /* CoreDataManagerTest.swift in Sources */,
				23ED7447263A113900146DFC /* MockURLSession.swift in Sources */,
				23ED731126397E1F00146DFC /* GitHubRepoTests.swift in Sources */,
				23ED74F0263A3CE500146DFC /* CoreDataConfigurationTest.swift in Sources */,
				23ED7351263989B600146DFC /* RequestTest.swift in Sources */,
				23ED74B6263A189A00146DFC /* NetworkingTest.swift in Sources */,
			);
			runOnlyForDeploymentPostprocessing = 0;
		};
		23ED731326397E1F00146DFC /* Sources */ = {
			isa = PBXSourcesBuildPhase;
			buildActionMask = 2147483647;
			files = (
				23ED731C26397E1F00146DFC /* GitHubRepoUITests.swift in Sources */,
			);
			runOnlyForDeploymentPostprocessing = 0;
		};
/* End PBXSourcesBuildPhase section */

/* Begin PBXTargetDependency section */
		23ED730E26397E1F00146DFC /* PBXTargetDependency */ = {
			isa = PBXTargetDependency;
			target = 23ED72F226397E1E00146DFC /* GitHubRepo */;
			targetProxy = 23ED730D26397E1F00146DFC /* PBXContainerItemProxy */;
		};
		23ED731926397E1F00146DFC /* PBXTargetDependency */ = {
			isa = PBXTargetDependency;
			target = 23ED72F226397E1E00146DFC /* GitHubRepo */;
			targetProxy = 23ED731826397E1F00146DFC /* PBXContainerItemProxy */;
		};
/* End PBXTargetDependency section */

/* Begin PBXVariantGroup section */
		23ED72FC26397E1E00146DFC /* HomeViewController.storyboard */ = {
			isa = PBXVariantGroup;
			children = (
				23ED72FD26397E1E00146DFC /* Base */,
			);
			name = HomeViewController.storyboard;
			sourceTree = "<group>";
		};
		23ED730426397E1F00146DFC /* LaunchScreen.storyboard */ = {
			isa = PBXVariantGroup;
			children = (
				23ED730526397E1F00146DFC /* Base */,
			);
			name = LaunchScreen.storyboard;
			sourceTree = "<group>";
		};
/* End PBXVariantGroup section */

/* Begin XCBuildConfiguration section */
		23ED731E26397E1F00146DFC /* Debug */ = {
			isa = XCBuildConfiguration;
			buildSettings = {
				ALWAYS_SEARCH_USER_PATHS = NO;
				CLANG_ANALYZER_NONNULL = YES;
				CLANG_ANALYZER_NUMBER_OBJECT_CONVERSION = YES_AGGRESSIVE;
				CLANG_CXX_LANGUAGE_STANDARD = "gnu++14";
				CLANG_CXX_LIBRARY = "libc++";
				CLANG_ENABLE_MODULES = YES;
				CLANG_ENABLE_OBJC_ARC = YES;
				CLANG_ENABLE_OBJC_WEAK = YES;
				CLANG_WARN_BLOCK_CAPTURE_AUTORELEASING = YES;
				CLANG_WARN_BOOL_CONVERSION = YES;
				CLANG_WARN_COMMA = YES;
				CLANG_WARN_CONSTANT_CONVERSION = YES;
				CLANG_WARN_DEPRECATED_OBJC_IMPLEMENTATIONS = YES;
				CLANG_WARN_DIRECT_OBJC_ISA_USAGE = YES_ERROR;
				CLANG_WARN_DOCUMENTATION_COMMENTS = YES;
				CLANG_WARN_EMPTY_BODY = YES;
				CLANG_WARN_ENUM_CONVERSION = YES;
				CLANG_WARN_INFINITE_RECURSION = YES;
				CLANG_WARN_INT_CONVERSION = YES;
				CLANG_WARN_NON_LITERAL_NULL_CONVERSION = YES;
				CLANG_WARN_OBJC_IMPLICIT_RETAIN_SELF = YES;
				CLANG_WARN_OBJC_LITERAL_CONVERSION = YES;
				CLANG_WARN_OBJC_ROOT_CLASS = YES_ERROR;
				CLANG_WARN_QUOTED_INCLUDE_IN_FRAMEWORK_HEADER = YES;
				CLANG_WARN_RANGE_LOOP_ANALYSIS = YES;
				CLANG_WARN_STRICT_PROTOTYPES = YES;
				CLANG_WARN_SUSPICIOUS_MOVE = YES;
				CLANG_WARN_UNGUARDED_AVAILABILITY = YES_AGGRESSIVE;
				CLANG_WARN_UNREACHABLE_CODE = YES;
				CLANG_WARN__DUPLICATE_METHOD_MATCH = YES;
				COPY_PHASE_STRIP = NO;
				DEBUG_INFORMATION_FORMAT = dwarf;
				ENABLE_STRICT_OBJC_MSGSEND = YES;
				ENABLE_TESTABILITY = YES;
				GCC_C_LANGUAGE_STANDARD = gnu11;
				GCC_DYNAMIC_NO_PIC = NO;
				GCC_NO_COMMON_BLOCKS = YES;
				GCC_OPTIMIZATION_LEVEL = 0;
				GCC_PREPROCESSOR_DEFINITIONS = (
					"DEBUG=1",
					"$(inherited)",
				);
				GCC_WARN_64_TO_32_BIT_CONVERSION = YES;
				GCC_WARN_ABOUT_RETURN_TYPE = YES_ERROR;
				GCC_WARN_UNDECLARED_SELECTOR = YES;
				GCC_WARN_UNINITIALIZED_AUTOS = YES_AGGRESSIVE;
				GCC_WARN_UNUSED_FUNCTION = YES;
				GCC_WARN_UNUSED_VARIABLE = YES;
				IPHONEOS_DEPLOYMENT_TARGET = 12.0;
				MTL_ENABLE_DEBUG_INFO = INCLUDE_SOURCE;
				MTL_FAST_MATH = YES;
				ONLY_ACTIVE_ARCH = YES;
				SDKROOT = iphoneos;
				SWIFT_ACTIVE_COMPILATION_CONDITIONS = DEBUG;
				SWIFT_OPTIMIZATION_LEVEL = "-Onone";
			};
			name = Debug;
		};
		23ED731F26397E1F00146DFC /* Release */ = {
			isa = XCBuildConfiguration;
			buildSettings = {
				ALWAYS_SEARCH_USER_PATHS = NO;
				CLANG_ANALYZER_NONNULL = YES;
				CLANG_ANALYZER_NUMBER_OBJECT_CONVERSION = YES_AGGRESSIVE;
				CLANG_CXX_LANGUAGE_STANDARD = "gnu++14";
				CLANG_CXX_LIBRARY = "libc++";
				CLANG_ENABLE_MODULES = YES;
				CLANG_ENABLE_OBJC_ARC = YES;
				CLANG_ENABLE_OBJC_WEAK = YES;
				CLANG_WARN_BLOCK_CAPTURE_AUTORELEASING = YES;
				CLANG_WARN_BOOL_CONVERSION = YES;
				CLANG_WARN_COMMA = YES;
				CLANG_WARN_CONSTANT_CONVERSION = YES;
				CLANG_WARN_DEPRECATED_OBJC_IMPLEMENTATIONS = YES;
				CLANG_WARN_DIRECT_OBJC_ISA_USAGE = YES_ERROR;
				CLANG_WARN_DOCUMENTATION_COMMENTS = YES;
				CLANG_WARN_EMPTY_BODY = YES;
				CLANG_WARN_ENUM_CONVERSION = YES;
				CLANG_WARN_INFINITE_RECURSION = YES;
				CLANG_WARN_INT_CONVERSION = YES;
				CLANG_WARN_NON_LITERAL_NULL_CONVERSION = YES;
				CLANG_WARN_OBJC_IMPLICIT_RETAIN_SELF = YES;
				CLANG_WARN_OBJC_LITERAL_CONVERSION = YES;
				CLANG_WARN_OBJC_ROOT_CLASS = YES_ERROR;
				CLANG_WARN_QUOTED_INCLUDE_IN_FRAMEWORK_HEADER = YES;
				CLANG_WARN_RANGE_LOOP_ANALYSIS = YES;
				CLANG_WARN_STRICT_PROTOTYPES = YES;
				CLANG_WARN_SUSPICIOUS_MOVE = YES;
				CLANG_WARN_UNGUARDED_AVAILABILITY = YES_AGGRESSIVE;
				CLANG_WARN_UNREACHABLE_CODE = YES;
				CLANG_WARN__DUPLICATE_METHOD_MATCH = YES;
				COPY_PHASE_STRIP = NO;
				DEBUG_INFORMATION_FORMAT = "dwarf-with-dsym";
				ENABLE_NS_ASSERTIONS = NO;
				ENABLE_STRICT_OBJC_MSGSEND = YES;
				GCC_C_LANGUAGE_STANDARD = gnu11;
				GCC_NO_COMMON_BLOCKS = YES;
				GCC_WARN_64_TO_32_BIT_CONVERSION = YES;
				GCC_WARN_ABOUT_RETURN_TYPE = YES_ERROR;
				GCC_WARN_UNDECLARED_SELECTOR = YES;
				GCC_WARN_UNINITIALIZED_AUTOS = YES_AGGRESSIVE;
				GCC_WARN_UNUSED_FUNCTION = YES;
				GCC_WARN_UNUSED_VARIABLE = YES;
				IPHONEOS_DEPLOYMENT_TARGET = 12.0;
				MTL_ENABLE_DEBUG_INFO = NO;
				MTL_FAST_MATH = YES;
				SDKROOT = iphoneos;
				SWIFT_COMPILATION_MODE = wholemodule;
				SWIFT_OPTIMIZATION_LEVEL = "-O";
				VALIDATE_PRODUCT = YES;
			};
			name = Release;
		};
		23ED732126397E1F00146DFC /* Debug */ = {
			isa = XCBuildConfiguration;
			buildSettings = {
				ASSETCATALOG_COMPILER_APPICON_NAME = AppIcon;
				ASSETCATALOG_COMPILER_GLOBAL_ACCENT_COLOR_NAME = AccentColor;
				CODE_SIGN_STYLE = Automatic;
				DEVELOPMENT_TEAM = VQU76VH8CY;
				INFOPLIST_FILE = GitHubRepo/Resources/Info.plist;
				LD_RUNPATH_SEARCH_PATHS = (
					"$(inherited)",
					"@executable_path/Frameworks",
				);
				PRODUCT_BUNDLE_IDENTIFIER = com.Nowpay.GitHubRepo;
				PRODUCT_NAME = "$(TARGET_NAME)";
				SWIFT_VERSION = 5.0;
				TARGETED_DEVICE_FAMILY = "1,2";
			};
			name = Debug;
		};
		23ED732226397E1F00146DFC /* Release */ = {
			isa = XCBuildConfiguration;
			buildSettings = {
				ASSETCATALOG_COMPILER_APPICON_NAME = AppIcon;
				ASSETCATALOG_COMPILER_GLOBAL_ACCENT_COLOR_NAME = AccentColor;
				CODE_SIGN_STYLE = Automatic;
				DEVELOPMENT_TEAM = VQU76VH8CY;
				INFOPLIST_FILE = GitHubRepo/Resources/Info.plist;
				LD_RUNPATH_SEARCH_PATHS = (
					"$(inherited)",
					"@executable_path/Frameworks",
				);
				PRODUCT_BUNDLE_IDENTIFIER = com.Nowpay.GitHubRepo;
				PRODUCT_NAME = "$(TARGET_NAME)";
				SWIFT_VERSION = 5.0;
				TARGETED_DEVICE_FAMILY = "1,2";
			};
			name = Release;
		};
		23ED732426397E1F00146DFC /* Debug */ = {
			isa = XCBuildConfiguration;
			buildSettings = {
				ALWAYS_EMBED_SWIFT_STANDARD_LIBRARIES = YES;
				BUNDLE_LOADER = "$(TEST_HOST)";
				CODE_SIGN_STYLE = Automatic;
				DEVELOPMENT_TEAM = VQU76VH8CY;
				INFOPLIST_FILE = GitHubRepoTests/Info.plist;
				IPHONEOS_DEPLOYMENT_TARGET = 14.3;
				LD_RUNPATH_SEARCH_PATHS = (
					"$(inherited)",
					"@executable_path/Frameworks",
					"@loader_path/Frameworks",
				);
				PRODUCT_BUNDLE_IDENTIFIER = com.Nowpay.GitHubRepoTests;
				PRODUCT_NAME = "$(TARGET_NAME)";
				SWIFT_VERSION = 5.0;
				TARGETED_DEVICE_FAMILY = "1,2";
				TEST_HOST = "$(BUILT_PRODUCTS_DIR)/GitHubRepo.app/GitHubRepo";
			};
			name = Debug;
		};
		23ED732526397E1F00146DFC /* Release */ = {
			isa = XCBuildConfiguration;
			buildSettings = {
				ALWAYS_EMBED_SWIFT_STANDARD_LIBRARIES = YES;
				BUNDLE_LOADER = "$(TEST_HOST)";
				CODE_SIGN_STYLE = Automatic;
				DEVELOPMENT_TEAM = VQU76VH8CY;
				INFOPLIST_FILE = GitHubRepoTests/Info.plist;
				IPHONEOS_DEPLOYMENT_TARGET = 14.3;
				LD_RUNPATH_SEARCH_PATHS = (
					"$(inherited)",
					"@executable_path/Frameworks",
					"@loader_path/Frameworks",
				);
				PRODUCT_BUNDLE_IDENTIFIER = com.Nowpay.GitHubRepoTests;
				PRODUCT_NAME = "$(TARGET_NAME)";
				SWIFT_VERSION = 5.0;
				TARGETED_DEVICE_FAMILY = "1,2";
				TEST_HOST = "$(BUILT_PRODUCTS_DIR)/GitHubRepo.app/GitHubRepo";
			};
			name = Release;
		};
		23ED732726397E1F00146DFC /* Debug */ = {
			isa = XCBuildConfiguration;
			buildSettings = {
				ALWAYS_EMBED_SWIFT_STANDARD_LIBRARIES = YES;
				CODE_SIGN_STYLE = Automatic;
				DEVELOPMENT_TEAM = VQU76VH8CY;
				INFOPLIST_FILE = GitHubRepoUITests/Info.plist;
				LD_RUNPATH_SEARCH_PATHS = (
					"$(inherited)",
					"@executable_path/Frameworks",
					"@loader_path/Frameworks",
				);
				PRODUCT_BUNDLE_IDENTIFIER = com.Nowpay.GitHubRepoUITests;
				PRODUCT_NAME = "$(TARGET_NAME)";
				SWIFT_VERSION = 5.0;
				TARGETED_DEVICE_FAMILY = "1,2";
				TEST_TARGET_NAME = GitHubRepo;
			};
			name = Debug;
		};
		23ED732826397E1F00146DFC /* Release */ = {
			isa = XCBuildConfiguration;
			buildSettings = {
				ALWAYS_EMBED_SWIFT_STANDARD_LIBRARIES = YES;
				CODE_SIGN_STYLE = Automatic;
				DEVELOPMENT_TEAM = VQU76VH8CY;
				INFOPLIST_FILE = GitHubRepoUITests/Info.plist;
				LD_RUNPATH_SEARCH_PATHS = (
					"$(inherited)",
					"@executable_path/Frameworks",
					"@loader_path/Frameworks",
				);
				PRODUCT_BUNDLE_IDENTIFIER = com.Nowpay.GitHubRepoUITests;
				PRODUCT_NAME = "$(TARGET_NAME)";
				SWIFT_VERSION = 5.0;
				TARGETED_DEVICE_FAMILY = "1,2";
				TEST_TARGET_NAME = GitHubRepo;
			};
			name = Release;
		};
/* End XCBuildConfiguration section */

/* Begin XCConfigurationList section */
		23ED72EE26397E1E00146DFC /* Build configuration list for PBXProject "GitHubRepo" */ = {
			isa = XCConfigurationList;
			buildConfigurations = (
				23ED731E26397E1F00146DFC /* Debug */,
				23ED731F26397E1F00146DFC /* Release */,
			);
			defaultConfigurationIsVisible = 0;
			defaultConfigurationName = Release;
		};
		23ED732026397E1F00146DFC /* Build configuration list for PBXNativeTarget "GitHubRepo" */ = {
			isa = XCConfigurationList;
			buildConfigurations = (
				23ED732126397E1F00146DFC /* Debug */,
				23ED732226397E1F00146DFC /* Release */,
			);
			defaultConfigurationIsVisible = 0;
			defaultConfigurationName = Release;
		};
		23ED732326397E1F00146DFC /* Build configuration list for PBXNativeTarget "GitHubRepoTests" */ = {
			isa = XCConfigurationList;
			buildConfigurations = (
				23ED732426397E1F00146DFC /* Debug */,
				23ED732526397E1F00146DFC /* Release */,
			);
			defaultConfigurationIsVisible = 0;
			defaultConfigurationName = Release;
		};
		23ED732626397E1F00146DFC /* Build configuration list for PBXNativeTarget "GitHubRepoUITests" */ = {
			isa = XCConfigurationList;
			buildConfigurations = (
				23ED732726397E1F00146DFC /* Debug */,
				23ED732826397E1F00146DFC /* Release */,
			);
			defaultConfigurationIsVisible = 0;
			defaultConfigurationName = Release;
		};
/* End XCConfigurationList section */

/* Begin XCVersionGroup section */
		23ED7483263A14FC00146DFC /* GitHubRepo.xcdatamodeld */ = {
			isa = XCVersionGroup;
			children = (
				23ED7484263A14FC00146DFC /* GitHubRepo.xcdatamodel */,
			);
			currentVersion = 23ED7484263A14FC00146DFC /* GitHubRepo.xcdatamodel */;
			path = GitHubRepo.xcdatamodeld;
			sourceTree = "<group>";
			versionGroupType = wrapper.xcdatamodel;
		};
/* End XCVersionGroup section */
	};
	rootObject = 23ED72EB26397E1E00146DFC /* Project object */;
}
